
Microsoft Visual Studio Solution File, Format Version 12.00
# Visual Studio Version 16
VisualStudioVersion = 16.0.31313.79
MinimumVisualStudioVersion = 10.0.40219.1
Project("{9092AA53-FB77-4645-B42D-1CCCA6BD08BD}") = "CreditCardChecker", "CreditCardChecker\CreditCardChecker.njsproj", "{3777495B-E592-4B75-AFDE-B1CAF45EA99B}"
EndProject
Global
	GlobalSection(SolutionConfigurationPlatforms) = preSolution
		Debug|Any CPU = Debug|Any CPU
		Release|Any CPU = Release|Any CPU
	EndGlobalSection
	GlobalSection(ProjectConfigurationPlatforms) = postSolution
		{3777495B-E592-4B75-AFDE-B1CAF45EA99B}.Debug|Any CPU.ActiveCfg = Debug|Any CPU
		{3777495B-E592-4B75-AFDE-B1CAF45EA99B}.Debug|Any CPU.Build.0 = Debug|Any CPU
		{3777495B-E592-4B75-AFDE-B1CAF45EA99B}.Release|Any CPU.ActiveCfg = Release|Any CPU
		{3777495B-E592-4B75-AFDE-B1CAF45EA99B}.Release|Any CPU.Build.0 = Release|Any CPU
	EndGlobalSection
	GlobalSection(SolutionProperties) = preSolution
		HideSolutionNode = FALSE
	EndGlobalSection
	GlobalSection(ExtensibilityGlobals) = postSolution
		SolutionGuid = {7AA4C7C4-96A5-43A9-AFB9-5D8BE2FF3924}
	EndGlobalSection
EndGlobal
