
Microsoft Visual Studio Solution File, Format Version 12.00
# Visual Studio Version 16
VisualStudioVersion = 16.0.31313.79
MinimumVisualStudioVersion = 10.0.40219.1
Project("{9092AA53-FB77-4645-B42D-1CCCA6BD08BD}") = "MysteriousOrganism", "MysteriousOrganism\MysteriousOrganism.njsproj", "{053BFC48-64E6-4040-831B-A4080BDFFA92}"
EndProject
Global
	GlobalSection(SolutionConfigurationPlatforms) = preSolution
		Debug|Any CPU = Debug|Any CPU
		Release|Any CPU = Release|Any CPU
	EndGlobalSection
	GlobalSection(ProjectConfigurationPlatforms) = postSolution
		{053BFC48-64E6-4040-831B-A4080BDFFA92}.Debug|Any CPU.ActiveCfg = Debug|Any CPU
		{053BFC48-64E6-4040-831B-A4080BDFFA92}.Debug|Any CPU.Build.0 = Debug|Any CPU
		{053BFC48-64E6-4040-831B-A4080BDFFA92}.Release|Any CPU.ActiveCfg = Release|Any CPU
		{053BFC48-64E6-4040-831B-A4080BDFFA92}.Release|Any CPU.Build.0 = Release|Any CPU
	EndGlobalSection
	GlobalSection(SolutionProperties) = preSolution
		HideSolutionNode = FALSE
	EndGlobalSection
	GlobalSection(ExtensibilityGlobals) = postSolution
		SolutionGuid = {477F6472-0DF7-444F-8921-4D402638986B}
	EndGlobalSection
EndGlobal
