
Microsoft Visual Studio Solution File, Format Version 12.00
# Visual Studio Version 16
VisualStudioVersion = 16.0.31313.79
MinimumVisualStudioVersion = 10.0.40219.1
Project("{FAE04EC0-301F-11D3-BF4B-00C04F79EFBC}") = "TrueOrFalse", "TrueOrFalse\TrueOrFalse.csproj", "{F55040DD-5B56-4212-B97C-541054373761}"
EndProject
Global
	GlobalSection(SolutionConfigurationPlatforms) = preSolution
		Debug|Any CPU = Debug|Any CPU
		Release|Any CPU = Release|Any CPU
	EndGlobalSection
	GlobalSection(ProjectConfigurationPlatforms) = postSolution
		{F55040DD-5B56-4212-B97C-541054373761}.Debug|Any CPU.ActiveCfg = Debug|Any CPU
		{F55040DD-5B56-4212-B97C-541054373761}.Debug|Any CPU.Build.0 = Debug|Any CPU
		{F55040DD-5B56-4212-B97C-541054373761}.Release|Any CPU.ActiveCfg = Release|Any CPU
		{F55040DD-5B56-4212-B97C-541054373761}.Release|Any CPU.Build.0 = Release|Any CPU
	EndGlobalSection
	GlobalSection(SolutionProperties) = preSolution
		HideSolutionNode = FALSE
	EndGlobalSection
	GlobalSection(ExtensibilityGlobals) = postSolution
		SolutionGuid = {E765A2A5-8580-44B2-87A6-9E5A479C2ED0}
	EndGlobalSection
EndGlobal
